
Microsoft Visual Studio Solution File, Format Version 12.00
# Visual Studio Version 17
VisualStudioVersion = 17.9.34622.214
MinimumVisualStudioVersion = 10.0.40219.1
Project("{FAE04EC0-301F-11D3-BF4B-00C04F79EFBC}") = "WebApplication1", "WebApplication1\WebApplication1.csproj", "{0141C9CD-9074-4D7E-A036-C6CB6B45D7EE}"
EndProject
Global
	GlobalSection(SolutionConfigurationPlatforms) = preSolution
		Debug|Any CPU = Debug|Any CPU
		Release|Any CPU = Release|Any CPU
	EndGlobalSection
	GlobalSection(ProjectConfigurationPlatforms) = postSolution
		{0141C9CD-9074-4D7E-A036-C6CB6B45D7EE}.Debug|Any CPU.ActiveCfg = Debug|Any CPU
		{0141C9CD-9074-4D7E-A036-C6CB6B45D7EE}.Debug|Any CPU.Build.0 = Debug|Any CPU
		{0141C9CD-9074-4D7E-A036-C6CB6B45D7EE}.Release|Any CPU.ActiveCfg = Release|Any CPU
		{0141C9CD-9074-4D7E-A036-C6CB6B45D7EE}.Release|Any CPU.Build.0 = Release|Any CPU
	EndGlobalSection
	GlobalSection(SolutionProperties) = preSolution
		HideSolutionNode = FALSE
	EndGlobalSection
	GlobalSection(ExtensibilityGlobals) = postSolution
		SolutionGuid = {48BD2E66-906C-4347-AFE8-0E4CBEC401B7}
	EndGlobalSection
EndGlobal
